
Microsoft Visual Studio Solution File, Format Version 12.00
# Visual Studio Version 17
VisualStudioVersion = 17.11.35005.142
MinimumVisualStudioVersion = 10.0.40219.1
Project("{FAE04EC0-301F-11D3-BF4B-00C04F79EFBC}") = "Lab5", "Lab5\Lab5.csproj", "{57DF43B6-AB98-4DF2-808C-7E1F56343DB5}"
EndProject
Global
	GlobalSection(SolutionConfigurationPlatforms) = preSolution
		Debug|Any CPU = Debug|Any CPU
		Release|Any CPU = Release|Any CPU
	EndGlobalSection
	GlobalSection(ProjectConfigurationPlatforms) = postSolution
		{57DF43B6-AB98-4DF2-808C-7E1F56343DB5}.Debug|Any CPU.ActiveCfg = Debug|Any CPU
		{57DF43B6-AB98-4DF2-808C-7E1F56343DB5}.Debug|Any CPU.Build.0 = Debug|Any CPU
		{57DF43B6-AB98-4DF2-808C-7E1F56343DB5}.Release|Any CPU.ActiveCfg = Release|Any CPU
		{57DF43B6-AB98-4DF2-808C-7E1F56343DB5}.Release|Any CPU.Build.0 = Release|Any CPU
	EndGlobalSection
	GlobalSection(SolutionProperties) = preSolution
		HideSolutionNode = FALSE
	EndGlobalSection
	GlobalSection(ExtensibilityGlobals) = postSolution
		SolutionGuid = {BA5EFDDD-6CAA-48D6-A40F-9A59E3AF28D0}
	EndGlobalSection
EndGlobal
